{
  "name": "rsa",
  "version": "1.0.0",
  "lockfileVersion": 1,
  "requires": true,
  "dependencies": {
    "@types/node": {
      "version": "13.13.5",
      "resolved": "https://registry.npmjs.org/@types/node/-/node-13.13.5.tgz",
      "integrity": "sha512-3ySmiBYJPqgjiHA7oEaIo2Rzz0HrOZ7yrNO5HWyaE5q0lQ3BppDZ3N53Miz8bw2I7gh1/zir2MGVZBvpb1zq9g=="
    },
    "big-integer": {
      "version": "1.6.48",
      "resolved": "https://registry.npmjs.org/big-integer/-/big-integer-1.6.48.tgz",
      "integrity": "sha512-j51egjPa7/i+RdiRuJbPdJ2FIUYYPhvYLjzoYbcMMm62ooO6F94fETG4MTs46zPAF9Brs04OajboA/qTGuz78w=="
    },
    "bigint-conversion": {
      "version": "2.1.10",
      "resolved": "https://registry.npmjs.org/bigint-conversion/-/bigint-conversion-2.1.10.tgz",
      "integrity": "sha512-eJbC9wxPa5ZGfoaWQY/6da4IXhfiuc4cM1mPxUvLrZ1Qyzb6yBmm9VFi+cOFfQFQX/S4fTnBV6yWz6fhL0Zo6A==",
      "requires": {
        "@types/node": ">=10"
      }
    },
    "bigint-crypto-utils": {
      "version": "2.5.6",
      "resolved": "https://registry.npmjs.org/bigint-crypto-utils/-/bigint-crypto-utils-2.5.6.tgz",
      "integrity": "sha512-aC2T4s4hE/Rp8vD7+EG6j3qZd8lrHFqnHLcUck35QGAUt9w2PrdY+xkx+LAb0mkkBr7yfu86tVhBqVunMVkiGg==",
      "requires": {
        "@types/node": "^13.11.0",
        "bigint-mod-arith": "^2.0.4"
      }
    },
    "bigint-mod-arith": {
      "version": "2.0.8",
      "resolved": "https://registry.npmjs.org/bigint-mod-arith/-/bigint-mod-arith-2.0.8.tgz",
      "integrity": "sha512-Hb0jLd6L7vvnt3Y2t0mvJ5RU27Ql8BHV3a/As8KTNGyPGEZjKnYGc9t7Q27q5XdGploQot8sKGydoFOoVZJlCw=="
    },
    "fsevents": {
      "version": "2.1.3",
      "resolved": "https://registry.npmjs.org/fsevents/-/fsevents-2.1.3.tgz",
      "integrity": "sha512-Auw9a4AxqWpa9GUfj370BMPzzyncfBABW8Mab7BGWBYDj4Isgq+cDKtx0i6u9jcX9pQDnswsaaOTgTmA5pEjuQ==",
      "dev": true,
      "optional": true
    },
    "rollup": {
      "version": "2.9.1",
      "resolved": "https://registry.npmjs.org/rollup/-/rollup-2.9.1.tgz",
      "integrity": "sha512-kEZn76R0j+WD4AActu5Np4RShNlewTtJhdUaWNtHwHnAA8AOapyXgH6O7NL2RkcQLHnl49oz1xW1VrDcu5yP+Q==",
      "dev": true,
      "requires": {
        "fsevents": "~2.1.2"
      }
    },
    "typescript": {
      "version": "3.8.3",
      "resolved": "https://registry.npmjs.org/typescript/-/typescript-3.8.3.tgz",
      "integrity": "sha512-MYlEfn5VrLNsgudQTVJeNaQFUAI7DkhnOjdpAp4T+ku1TfQClewlbSuTVHiA+8skNBgaf02TL/kLOvig4y3G8w=="
    }
  }
}
